// !$*UTF8*$!
{
	archiveVersion = 1;
	classes = {
	};
	objectVersion = 46;
	objects = {

/* Begin PBXBuildFile section */
		FCAC11F21B00AFD700064491 /* main.m in Sources */ = {isa = PBXBuildFile; fileRef = FCAC11F11B00AFD700064491 /* main.m */; };
		FCAC11F51B00AFD700064491 /* AppDelegate.m in Sources */ = {isa = PBXBuildFile; fileRef = FCAC11F41B00AFD700064491 /* AppDelegate.m */; };
		FCAC11FB1B00AFD700064491 /* Main.storyboard in Resources */ = {isa = PBXBuildFile; fileRef = FCAC11F91B00AFD700064491 /* Main.storyboard */; };
		FCAC12001B00AFD700064491 /* LaunchScreen.xib in Resources */ = {isa = PBXBuildFile; fileRef = FCAC11FE1B00AFD700064491 /* LaunchScreen.xib */; };
		FCAC120C1B00AFD700064491 /* ADGSampleTests.m in Sources */ = {isa = PBXBuildFile; fileRef = FCAC120B1B00AFD700064491 /* ADGSampleTests.m */; };
		FCAC122A1B00B68300064491 /* BannerViewController.m in Sources */ = {isa = PBXBuildFile; fileRef = FCAC121F1B00B68300064491 /* BannerViewController.m */; };
		FCAC122D1B00B68300064491 /* Images.xcassets in Resources */ = {isa = PBXBuildFile; fileRef = FCAC12251B00B68300064491 /* Images.xcassets */; };
		FCAC122E1B00B68300064491 /* InterstitialViewController.m in Sources */ = {isa = PBXBuildFile; fileRef = FCAC12271B00B68300064491 /* InterstitialViewController.m */; };
		FCAC122F1B00B68300064491 /* RectangleViewController.m in Sources */ = {isa = PBXBuildFile; fileRef = FCAC12291B00B68300064491 /* RectangleViewController.m */; };
		FCAC12311B00B6FD00064491 /* ADG-Resources.bundle in Resources */ = {isa = PBXBuildFile; fileRef = FCAC12301B00B6FD00064491 /* ADG-Resources.bundle */; };
		FCAC12331B00B70500064491 /* ADG.framework in Frameworks */ = {isa = PBXBuildFile; fileRef = FCAC12321B00B70500064491 /* ADG.framework */; };
		FCAC12371B00B79D00064491 /* CoreGraphics.framework in Frameworks */ = {isa = PBXBuildFile; fileRef = FCAC12361B00B79D00064491 /* CoreGraphics.framework */; };
		FCAC12391B00B7B300064491 /* SystemConfiguration.framework in Frameworks */ = {isa = PBXBuildFile; fileRef = FCAC12381B00B7B300064491 /* SystemConfiguration.framework */; };
		FCAC123B1B00B7BA00064491 /* MediaPlayer.framework in Frameworks */ = {isa = PBXBuildFile; fileRef = FCAC123A1B00B7BA00064491 /* MediaPlayer.framework */; };
		FCAC123D1B00B7C100064491 /* Security.framework in Frameworks */ = {isa = PBXBuildFile; fileRef = FCAC123C1B00B7C100064491 /* Security.framework */; };
		FCAC123F1B00B7C800064491 /* QuartzCore.framework in Frameworks */ = {isa = PBXBuildFile; fileRef = FCAC123E1B00B7C800064491 /* QuartzCore.framework */; };
		FCAC12411B00B7CE00064491 /* AdSupport.framework in Frameworks */ = {isa = PBXBuildFile; fileRef = FCAC12401B00B7CE00064491 /* AdSupport.framework */; settings = {ATTRIBUTES = (Weak, ); }; };
		FCAC12431B00B7D600064491 /* CoreTelephony.framework in Frameworks */ = {isa = PBXBuildFile; fileRef = FCAC12421B00B7D600064491 /* CoreTelephony.framework */; };
		FCAC12451B00B7E900064491 /* Default-568h@2x.png in Resources */ = {isa = PBXBuildFile; fileRef = FCAC12441B00B7E900064491 /* Default-568h@2x.png */; };
/* End PBXBuildFile section */

/* Begin PBXContainerItemProxy section */
		FCAC12061B00AFD700064491 /* PBXContainerItemProxy */ = {
			isa = PBXContainerItemProxy;
			containerPortal = FCAC11E41B00AFD700064491 /* Project object */;
			proxyType = 1;
			remoteGlobalIDString = FCAC11EB1B00AFD700064491;
			remoteInfo = ADGSample;
		};
/* End PBXContainerItemProxy section */

/* Begin PBXFileReference section */
		FCAC11EC1B00AFD700064491 /* ADGSample.app */ = {isa = PBXFileReference; explicitFileType = wrapper.application; includeInIndex = 0; path = ADGSample.app; sourceTree = BUILT_PRODUCTS_DIR; };
		FCAC11F01B00AFD700064491 /* Info.plist */ = {isa = PBXFileReference; lastKnownFileType = text.plist.xml; path = Info.plist; sourceTree = "<group>"; };
		FCAC11F11B00AFD700064491 /* main.m */ = {isa = PBXFileReference; lastKnownFileType = sourcecode.c.objc; path = main.m; sourceTree = "<group>"; };
		FCAC11F31B00AFD700064491 /* AppDelegate.h */ = {isa = PBXFileReference; lastKnownFileType = sourcecode.c.h; path = AppDelegate.h; sourceTree = "<group>"; };
		FCAC11F41B00AFD700064491 /* AppDelegate.m */ = {isa = PBXFileReference; lastKnownFileType = sourcecode.c.objc; path = AppDelegate.m; sourceTree = "<group>"; };
		FCAC11FA1B00AFD700064491 /* Base */ = {isa = PBXFileReference; lastKnownFileType = file.storyboard; name = Base; path = Base.lproj/Main.storyboard; sourceTree = "<group>"; };
		FCAC11FF1B00AFD700064491 /* Base */ = {isa = PBXFileReference; lastKnownFileType = file.xib; name = Base; path = Base.lproj/LaunchScreen.xib; sourceTree = "<group>"; };
		FCAC12051B00AFD700064491 /* ADGSampleTests.xctest */ = {isa = PBXFileReference; explicitFileType = wrapper.cfbundle; includeInIndex = 0; path = ADGSampleTests.xctest; sourceTree = BUILT_PRODUCTS_DIR; };
		FCAC120A1B00AFD700064491 /* Info.plist */ = {isa = PBXFileReference; lastKnownFileType = text.plist.xml; path = Info.plist; sourceTree = "<group>"; };
		FCAC120B1B00AFD700064491 /* ADGSampleTests.m */ = {isa = PBXFileReference; lastKnownFileType = sourcecode.c.objc; path = ADGSampleTests.m; sourceTree = "<group>"; };
		FCAC121E1B00B68300064491 /* BannerViewController.h */ = {isa = PBXFileReference; fileEncoding = 4; lastKnownFileType = sourcecode.c.h; path = BannerViewController.h; sourceTree = "<group>"; };
		FCAC121F1B00B68300064491 /* BannerViewController.m */ = {isa = PBXFileReference; fileEncoding = 4; lastKnownFileType = sourcecode.c.objc; path = BannerViewController.m; sourceTree = "<group>"; };
		FCAC12251B00B68300064491 /* Images.xcassets */ = {isa = PBXFileReference; lastKnownFileType = folder.assetcatalog; path = Images.xcassets; sourceTree = "<group>"; };
		FCAC12261B00B68300064491 /* InterstitialViewController.h */ = {isa = PBXFileReference; fileEncoding = 4; lastKnownFileType = sourcecode.c.h; path = InterstitialViewController.h; sourceTree = "<group>"; };
		FCAC12271B00B68300064491 /* InterstitialViewController.m */ = {isa = PBXFileReference; fileEncoding = 4; lastKnownFileType = sourcecode.c.objc; path = InterstitialViewController.m; sourceTree = "<group>"; };
		FCAC12281B00B68300064491 /* RectangleViewController.h */ = {isa = PBXFileReference; fileEncoding = 4; lastKnownFileType = sourcecode.c.h; path = RectangleViewController.h; sourceTree = "<group>"; };
		FCAC12291B00B68300064491 /* RectangleViewController.m */ = {isa = PBXFileReference; fileEncoding = 4; lastKnownFileType = sourcecode.c.objc; path = RectangleViewController.m; sourceTree = "<group>"; };
		FCAC12301B00B6FD00064491 /* ADG-Resources.bundle */ = {isa = PBXFileReference; lastKnownFileType = "wrapper.plug-in"; name = "ADG-Resources.bundle"; path = "ADGSample/ADG.framework/Versions/A/Resources/ADG-Resources.bundle"; sourceTree = "<group>"; };
		FCAC12321B00B70500064491 /* ADG.framework */ = {isa = PBXFileReference; lastKnownFileType = wrapper.framework; name = ADG.framework; path = ADGSample/ADG.framework; sourceTree = "<group>"; };
		FCAC12361B00B79D00064491 /* CoreGraphics.framework */ = {isa = PBXFileReference; lastKnownFileType = wrapper.framework; name = CoreGraphics.framework; path = System/Library/Frameworks/CoreGraphics.framework; sourceTree = SDKROOT; };
		FCAC12381B00B7B300064491 /* SystemConfiguration.framework */ = {isa = PBXFileReference; lastKnownFileType = wrapper.framework; name = SystemConfiguration.framework; path = System/Library/Frameworks/SystemConfiguration.framework; sourceTree = SDKROOT; };
		FCAC123A1B00B7BA00064491 /* MediaPlayer.framework */ = {isa = PBXFileReference; lastKnownFileType = wrapper.framework; name = MediaPlayer.framework; path = System/Library/Frameworks/MediaPlayer.framework; sourceTree = SDKROOT; };
		FCAC123C1B00B7C100064491 /* Security.framework */ = {isa = PBXFileReference; lastKnownFileType = wrapper.framework; name = Security.framework; path = System/Library/Frameworks/Security.framework; sourceTree = SDKROOT; };
		FCAC123E1B00B7C800064491 /* QuartzCore.framework */ = {isa = PBXFileReference; lastKnownFileType = wrapper.framework; name = QuartzCore.framework; path = System/Library/Frameworks/QuartzCore.framework; sourceTree = SDKROOT; };
		FCAC12401B00B7CE00064491 /* AdSupport.framework */ = {isa = PBXFileReference; lastKnownFileType = wrapper.framework; name = AdSupport.framework; path = System/Library/Frameworks/AdSupport.framework; sourceTree = SDKROOT; };
		FCAC12421B00B7D600064491 /* CoreTelephony.framework */ = {isa = PBXFileReference; lastKnownFileType = wrapper.framework; name = CoreTelephony.framework; path = System/Library/Frameworks/CoreTelephony.framework; sourceTree = SDKROOT; };
		FCAC12441B00B7E900064491 /* Default-568h@2x.png */ = {isa = PBXFileReference; lastKnownFileType = image.png; path = "Default-568h@2x.png"; sourceTree = "<group>"; };
/* End PBXFileReference section */

/* Begin PBXFrameworksBuildPhase section */
		FCAC11E91B00AFD700064491 /* Frameworks */ = {
			isa = PBXFrameworksBuildPhase;
			buildActionMask = 2147483647;
			files = (
				FCAC12431B00B7D600064491 /* CoreTelephony.framework in Frameworks */,
				FCAC12411B00B7CE00064491 /* AdSupport.framework in Frameworks */,
				FCAC123F1B00B7C800064491 /* QuartzCore.framework in Frameworks */,
				FCAC123D1B00B7C100064491 /* Security.framework in Frameworks */,
				FCAC123B1B00B7BA00064491 /* MediaPlayer.framework in Frameworks */,
				FCAC12391B00B7B300064491 /* SystemConfiguration.framework in Frameworks */,
				FCAC12371B00B79D00064491 /* CoreGraphics.framework in Frameworks */,
				FCAC12331B00B70500064491 /* ADG.framework in Frameworks */,
			);
			runOnlyForDeploymentPostprocessing = 0;
		};
		FCAC12021B00AFD700064491 /* Frameworks */ = {
			isa = PBXFrameworksBuildPhase;
			buildActionMask = 2147483647;
			files = (
			);
			runOnlyForDeploymentPostprocessing = 0;
		};
/* End PBXFrameworksBuildPhase section */

/* Begin PBXGroup section */
		FCAC11E31B00AFD700064491 = {
			isa = PBXGroup;
			children = (
				FCAC11EE1B00AFD700064491 /* ADGSample */,
				FCAC12341B00B70D00064491 /* Frameworks */,
				FCAC12351B00B72500064491 /* Resources */,
				FCAC12081B00AFD700064491 /* ADGSampleTests */,
				FCAC11ED1B00AFD700064491 /* Products */,
			);
			sourceTree = "<group>";
		};
		FCAC11ED1B00AFD700064491 /* Products */ = {
			isa = PBXGroup;
			children = (
				FCAC11EC1B00AFD700064491 /* ADGSample.app */,
				FCAC12051B00AFD700064491 /* ADGSampleTests.xctest */,
			);
			name = Products;
			sourceTree = "<group>";
		};
		FCAC11EE1B00AFD700064491 /* ADGSample */ = {
			isa = PBXGroup;
			children = (
				FCAC12251B00B68300064491 /* Images.xcassets */,
				FCAC11F31B00AFD700064491 /* AppDelegate.h */,
				FCAC11F41B00AFD700064491 /* AppDelegate.m */,
				FCAC11F91B00AFD700064491 /* Main.storyboard */,
				FCAC11FE1B00AFD700064491 /* LaunchScreen.xib */,
				FCAC121E1B00B68300064491 /* BannerViewController.h */,
				FCAC121F1B00B68300064491 /* BannerViewController.m */,
				FCAC12281B00B68300064491 /* RectangleViewController.h */,
				FCAC12291B00B68300064491 /* RectangleViewController.m */,
				FCAC12261B00B68300064491 /* InterstitialViewController.h */,
				FCAC12271B00B68300064491 /* InterstitialViewController.m */,
				FCAC11EF1B00AFD700064491 /* Supporting Files */,
			);
			path = ADGSample;
			sourceTree = "<group>";
		};
		FCAC11EF1B00AFD700064491 /* Supporting Files */ = {
			isa = PBXGroup;
			children = (
				FCAC11F01B00AFD700064491 /* Info.plist */,
				FCAC11F11B00AFD700064491 /* main.m */,
			);
			name = "Supporting Files";
			sourceTree = "<group>";
		};
		FCAC12081B00AFD700064491 /* ADGSampleTests */ = {
			isa = PBXGroup;
			children = (
				FCAC120B1B00AFD700064491 /* ADGSampleTests.m */,
				FCAC12091B00AFD700064491 /* Supporting Files */,
			);
			path = ADGSampleTests;
			sourceTree = "<group>";
		};
		FCAC12091B00AFD700064491 /* Supporting Files */ = {
			isa = PBXGroup;
			children = (
				FCAC120A1B00AFD700064491 /* Info.plist */,
			);
			name = "Supporting Files";
			sourceTree = "<group>";
		};
		FCAC12341B00B70D00064491 /* Frameworks */ = {
			isa = PBXGroup;
			children = (
				FCAC12421B00B7D600064491 /* CoreTelephony.framework */,
				FCAC12401B00B7CE00064491 /* AdSupport.framework */,
				FCAC123E1B00B7C800064491 /* QuartzCore.framework */,
				FCAC123C1B00B7C100064491 /* Security.framework */,
				FCAC123A1B00B7BA00064491 /* MediaPlayer.framework */,
				FCAC12381B00B7B300064491 /* SystemConfiguration.framework */,
				FCAC12361B00B79D00064491 /* CoreGraphics.framework */,
				FCAC12321B00B70500064491 /* ADG.framework */,
			);
			name = Frameworks;
			sourceTree = "<group>";
		};
		FCAC12351B00B72500064491 /* Resources */ = {
			isa = PBXGroup;
			children = (
				FCAC12441B00B7E900064491 /* Default-568h@2x.png */,
				FCAC12301B00B6FD00064491 /* ADG-Resources.bundle */,
			);
			name = Resources;
			sourceTree = "<group>";
		};
/* End PBXGroup section */

/* Begin PBXNativeTarget section */
		FCAC11EB1B00AFD700064491 /* ADGSample */ = {
			isa = PBXNativeTarget;
			buildConfigurationList = FCAC120F1B00AFD700064491 /* Build configuration list for PBXNativeTarget "ADGSample" */;
			buildPhases = (
				FCAC11E81B00AFD700064491 /* Sources */,
				FCAC11E91B00AFD700064491 /* Frameworks */,
				FCAC11EA1B00AFD700064491 /* Resources */,
			);
			buildRules = (
			);
			dependencies = (
			);
			name = ADGSample;
			productName = ADGSample;
			productReference = FCAC11EC1B00AFD700064491 /* ADGSample.app */;
			productType = "com.apple.product-type.application";
		};
		FCAC12041B00AFD700064491 /* ADGSampleTests */ = {
			isa = PBXNativeTarget;
			buildConfigurationList = FCAC12121B00AFD700064491 /* Build configuration list for PBXNativeTarget "ADGSampleTests" */;
			buildPhases = (
				FCAC12011B00AFD700064491 /* Sources */,
				FCAC12021B00AFD700064491 /* Frameworks */,
				FCAC12031B00AFD700064491 /* Resources */,
			);
			buildRules = (
			);
			dependencies = (
				FCAC12071B00AFD700064491 /* PBXTargetDependency */,
			);
			name = ADGSampleTests;
			productName = ADGSampleTests;
			productReference = FCAC12051B00AFD700064491 /* ADGSampleTests.xctest */;
			productType = "com.apple.product-type.bundle.unit-test";
		};
/* End PBXNativeTarget section */

/* Begin PBXProject section */
		FCAC11E41B00AFD700064491 /* Project object */ = {
			isa = PBXProject;
			attributes = {
				LastUpgradeCheck = 0620;
				ORGANIZATIONNAME = ScaleOut;
				TargetAttributes = {
					FCAC11EB1B00AFD700064491 = {
						CreatedOnToolsVersion = 6.2;
					};
					FCAC12041B00AFD700064491 = {
						CreatedOnToolsVersion = 6.2;
						TestTargetID = FCAC11EB1B00AFD700064491;
					};
				};
			};
			buildConfigurationList = FCAC11E71B00AFD700064491 /* Build configuration list for PBXProject "ADGSample" */;
			compatibilityVersion = "Xcode 3.2";
			developmentRegion = English;
			hasScannedForEncodings = 0;
			knownRegions = (
				en,
				Base,
			);
			mainGroup = FCAC11E31B00AFD700064491;
			productRefGroup = FCAC11ED1B00AFD700064491 /* Products */;
			projectDirPath = "";
			projectRoot = "";
			targets = (
				FCAC11EB1B00AFD700064491 /* ADGSample */,
				FCAC12041B00AFD700064491 /* ADGSampleTests */,
			);
		};
/* End PBXProject section */

/* Begin PBXResourcesBuildPhase section */
		FCAC11EA1B00AFD700064491 /* Resources */ = {
			isa = PBXResourcesBuildPhase;
			buildActionMask = 2147483647;
			files = (
				FCAC12311B00B6FD00064491 /* ADG-Resources.bundle in Resources */,
				FCAC11FB1B00AFD700064491 /* Main.storyboard in Resources */,
				FCAC122D1B00B68300064491 /* Images.xcassets in Resources */,
				FCAC12451B00B7E900064491 /* Default-568h@2x.png in Resources */,
				FCAC12001B00AFD700064491 /* LaunchScreen.xib in Resources */,
			);
			runOnlyForDeploymentPostprocessing = 0;
		};
		FCAC12031B00AFD700064491 /* Resources */ = {
			isa = PBXResourcesBuildPhase;
			buildActionMask = 2147483647;
			files = (
			);
			runOnlyForDeploymentPostprocessing = 0;
		};
/* End PBXResourcesBuildPhase section */

/* Begin PBXSourcesBuildPhase section */
		FCAC11E81B00AFD700064491 /* Sources */ = {
			isa = PBXSourcesBuildPhase;
			buildActionMask = 2147483647;
			files = (
				FCAC122F1B00B68300064491 /* RectangleViewController.m in Sources */,
				FCAC11F51B00AFD700064491 /* AppDelegate.m in Sources */,
				FCAC122E1B00B68300064491 /* InterstitialViewController.m in Sources */,
				FCAC122A1B00B68300064491 /* BannerViewController.m in Sources */,
				FCAC11F21B00AFD700064491 /* main.m in Sources */,
			);
			runOnlyForDeploymentPostprocessing = 0;
		};
		FCAC12011B00AFD700064491 /* Sources */ = {
			isa = PBXSourcesBuildPhase;
			buildActionMask = 2147483647;
			files = (
				FCAC120C1B00AFD700064491 /* ADGSampleTests.m in Sources */,
			);
			runOnlyForDeploymentPostprocessing = 0;
		};
/* End PBXSourcesBuildPhase section */

/* Begin PBXTargetDependency section */
		FCAC12071B00AFD700064491 /* PBXTargetDependency */ = {
			isa = PBXTargetDependency;
			target = FCAC11EB1B00AFD700064491 /* ADGSample */;
			targetProxy = FCAC12061B00AFD700064491 /* PBXContainerItemProxy */;
		};
/* End PBXTargetDependency section */

/* Begin PBXVariantGroup section */
		FCAC11F91B00AFD700064491 /* Main.storyboard */ = {
			isa = PBXVariantGroup;
			children = (
				FCAC11FA1B00AFD700064491 /* Base */,
			);
			name = Main.storyboard;
			sourceTree = "<group>";
		};
		FCAC11FE1B00AFD700064491 /* LaunchScreen.xib */ = {
			isa = PBXVariantGroup;
			children = (
				FCAC11FF1B00AFD700064491 /* Base */,
			);
			name = LaunchScreen.xib;
			sourceTree = "<group>";
		};
/* End PBXVariantGroup section */

/* Begin XCBuildConfiguration section */
		FCAC120D1B00AFD700064491 /* Debug */ = {
			isa = XCBuildConfiguration;
			buildSettings = {
				ALWAYS_SEARCH_USER_PATHS = NO;
				CLANG_CXX_LANGUAGE_STANDARD = "gnu++0x";
				CLANG_CXX_LIBRARY = "libc++";
				CLANG_ENABLE_MODULES = YES;
				CLANG_ENABLE_OBJC_ARC = YES;
				CLANG_WARN_BOOL_CONVERSION = YES;
				CLANG_WARN_CONSTANT_CONVERSION = YES;
				CLANG_WARN_DIRECT_OBJC_ISA_USAGE = YES_ERROR;
				CLANG_WARN_EMPTY_BODY = YES;
				CLANG_WARN_ENUM_CONVERSION = YES;
				CLANG_WARN_INT_CONVERSION = YES;
				CLANG_WARN_OBJC_ROOT_CLASS = YES_ERROR;
				CLANG_WARN_UNREACHABLE_CODE = YES;
				CLANG_WARN__DUPLICATE_METHOD_MATCH = YES;
				"CODE_SIGN_IDENTITY[sdk=iphoneos*]" = "iPhone Developer";
				COPY_PHASE_STRIP = NO;
				ENABLE_STRICT_OBJC_MSGSEND = YES;
				GCC_C_LANGUAGE_STANDARD = gnu99;
				GCC_DYNAMIC_NO_PIC = NO;
				GCC_OPTIMIZATION_LEVEL = 0;
				GCC_PREPROCESSOR_DEFINITIONS = (
					"DEBUG=1",
					"$(inherited)",
				);
				GCC_SYMBOLS_PRIVATE_EXTERN = NO;
				GCC_WARN_64_TO_32_BIT_CONVERSION = YES;
				GCC_WARN_ABOUT_RETURN_TYPE = YES_ERROR;
				GCC_WARN_UNDECLARED_SELECTOR = YES;
				GCC_WARN_UNINITIALIZED_AUTOS = YES_AGGRESSIVE;
				GCC_WARN_UNUSED_FUNCTION = YES;
				GCC_WARN_UNUSED_VARIABLE = YES;
				IPHONEOS_DEPLOYMENT_TARGET = 8.2;
				MTL_ENABLE_DEBUG_INFO = YES;
				ONLY_ACTIVE_ARCH = YES;
				SDKROOT = iphoneos;
				TARGETED_DEVICE_FAMILY = "1,2";
			};
			name = Debug;
		};
		FCAC120E1B00AFD700064491 /* Release */ = {
			isa = XCBuildConfiguration;
			buildSettings = {
				ALWAYS_SEARCH_USER_PATHS = NO;
				CLANG_CXX_LANGUAGE_STANDARD = "gnu++0x";
				CLANG_CXX_LIBRARY = "libc++";
				CLANG_ENABLE_MODULES = YES;
				CLANG_ENABLE_OBJC_ARC = YES;
				CLANG_WARN_BOOL_CONVERSION = YES;
				CLANG_WARN_CONSTANT_CONVERSION = YES;
				CLANG_WARN_DIRECT_OBJC_ISA_USAGE = YES_ERROR;
				CLANG_WARN_EMPTY_BODY = YES;
				CLANG_WARN_ENUM_CONVERSION = YES;
				CLANG_WARN_INT_CONVERSION = YES;
				CLANG_WARN_OBJC_ROOT_CLASS = YES_ERROR;
				CLANG_WARN_UNREACHABLE_CODE = YES;
				CLANG_WARN__DUPLICATE_METHOD_MATCH = YES;
				"CODE_SIGN_IDENTITY[sdk=iphoneos*]" = "iPhone Developer";
				COPY_PHASE_STRIP = NO;
				ENABLE_NS_ASSERTIONS = NO;
				ENABLE_STRICT_OBJC_MSGSEND = YES;
				GCC_C_LANGUAGE_STANDARD = gnu99;
				GCC_WARN_64_TO_32_BIT_CONVERSION = YES;
				GCC_WARN_ABOUT_RETURN_TYPE = YES_ERROR;
				GCC_WARN_UNDECLARED_SELECTOR = YES;
				GCC_WARN_UNINITIALIZED_AUTOS = YES_AGGRESSIVE;
				GCC_WARN_UNUSED_FUNCTION = YES;
				GCC_WARN_UNUSED_VARIABLE = YES;
				IPHONEOS_DEPLOYMENT_TARGET = 8.2;
				MTL_ENABLE_DEBUG_INFO = NO;
				SDKROOT = iphoneos;
				TARGETED_DEVICE_FAMILY = "1,2";
				VALIDATE_PRODUCT = YES;
			};
			name = Release;
		};
		FCAC12101B00AFD700064491 /* Debug */ = {
			isa = XCBuildConfiguration;
			buildSettings = {
				ASSETCATALOG_COMPILER_APPICON_NAME = AppIcon;
				FRAMEWORK_SEARCH_PATHS = (
					"$(inherited)",
					"$(PROJECT_DIR)/ADGSample",
				);
				INFOPLIST_FILE = ADGSample/Info.plist;
				IPHONEOS_DEPLOYMENT_TARGET = 6.0;
				LD_RUNPATH_SEARCH_PATHS = "$(inherited) @executable_path/Frameworks";
				PRODUCT_NAME = "$(TARGET_NAME)";
			};
			name = Debug;
		};
		FCAC12111B00AFD700064491 /* Release */ = {
			isa = XCBuildConfiguration;
			buildSettings = {
				ASSETCATALOG_COMPILER_APPICON_NAME = AppIcon;
				FRAMEWORK_SEARCH_PATHS = (
					"$(inherited)",
					"$(PROJECT_DIR)/ADGSample",
				);
				INFOPLIST_FILE = ADGSample/Info.plist;
				IPHONEOS_DEPLOYMENT_TARGET = 6.0;
				LD_RUNPATH_SEARCH_PATHS = "$(inherited) @executable_path/Frameworks";
				PRODUCT_NAME = "$(TARGET_NAME)";
			};
			name = Release;
		};
		FCAC12131B00AFD700064491 /* Debug */ = {
			isa = XCBuildConfiguration;
			buildSettings = {
				BUNDLE_LOADER = "$(TEST_HOST)";
				FRAMEWORK_SEARCH_PATHS = (
					"$(SDKROOT)/Developer/Library/Frameworks",
					"$(inherited)",
				);
				GCC_PREPROCESSOR_DEFINITIONS = (
					"DEBUG=1",
					"$(inherited)",
				);
				INFOPLIST_FILE = ADGSampleTests/Info.plist;
				LD_RUNPATH_SEARCH_PATHS = "$(inherited) @executable_path/Frameworks @loader_path/Frameworks";
				PRODUCT_NAME = "$(TARGET_NAME)";
				TEST_HOST = "$(BUILT_PRODUCTS_DIR)/ADGSample.app/ADGSample";
			};
			name = Debug;
		};
		FCAC12141B00AFD700064491 /* Release */ = {
			isa = XCBuildConfiguration;
			buildSettings = {
				BUNDLE_LOADER = "$(TEST_HOST)";
				FRAMEWORK_SEARCH_PATHS = (
					"$(SDKROOT)/Developer/Library/Frameworks",
					"$(inherited)",
				);
				INFOPLIST_FILE = ADGSampleTests/Info.plist;
				LD_RUNPATH_SEARCH_PATHS = "$(inherited) @executable_path/Frameworks @loader_path/Frameworks";
				PRODUCT_NAME = "$(TARGET_NAME)";
				TEST_HOST = "$(BUILT_PRODUCTS_DIR)/ADGSample.app/ADGSample";
			};
			name = Release;
		};
/* End XCBuildConfiguration section */

/* Begin XCConfigurationList section */
		FCAC11E71B00AFD700064491 /* Build configuration list for PBXProject "ADGSample" */ = {
			isa = XCConfigurationList;
			buildConfigurations = (
				FCAC120D1B00AFD700064491 /* Debug */,
				FCAC120E1B00AFD700064491 /* Release */,
			);
			defaultConfigurationIsVisible = 0;
			defaultConfigurationName = Release;
		};
		FCAC120F1B00AFD700064491 /* Build configuration list for PBXNativeTarget "ADGSample" */ = {
			isa = XCConfigurationList;
			buildConfigurations = (
				FCAC12101B00AFD700064491 /* Debug */,
				FCAC12111B00AFD700064491 /* Release */,
			);
			defaultConfigurationIsVisible = 0;
			defaultConfigurationName = Release;
		};
		FCAC12121B00AFD700064491 /* Build configuration list for PBXNativeTarget "ADGSampleTests" */ = {
			isa = XCConfigurationList;
			buildConfigurations = (
				FCAC12131B00AFD700064491 /* Debug */,
				FCAC12141B00AFD700064491 /* Release */,
			);
			defaultConfigurationIsVisible = 0;
			defaultConfigurationName = Release;
		};
/* End XCConfigurationList section */
	};
	rootObject = FCAC11E41B00AFD700064491 /* Project object */;
}
