// !$*UTF8*$!
{
	archiveVersion = 1;
	classes = {
	};
	objectVersion = 46;
	objects = {

/* Begin PBXBuildFile section */
		B01D63D61D2134BC00036EB9 /* FBAudienceNetwork.framework in Frameworks */ = {isa = PBXBuildFile; fileRef = B01D63D51D2134BC00036EB9 /* FBAudienceNetwork.framework */; };
		B03438441D0A797C002C36E9 /* AppDelegate.swift in Sources */ = {isa = PBXBuildFile; fileRef = B03438431D0A797C002C36E9 /* AppDelegate.swift */; };
		B03438491D0A797C002C36E9 /* Main.storyboard in Resources */ = {isa = PBXBuildFile; fileRef = B03438471D0A797C002C36E9 /* Main.storyboard */; };
		B034384B1D0A797C002C36E9 /* Assets.xcassets in Resources */ = {isa = PBXBuildFile; fileRef = B034384A1D0A797C002C36E9 /* Assets.xcassets */; };
		B034384E1D0A797C002C36E9 /* LaunchScreen.storyboard in Resources */ = {isa = PBXBuildFile; fileRef = B034384C1D0A797C002C36E9 /* LaunchScreen.storyboard */; };
		B03438591D0A797C002C36E9 /* ADGNativeSampleForSwiftTests.swift in Sources */ = {isa = PBXBuildFile; fileRef = B03438581D0A797C002C36E9 /* ADGNativeSampleForSwiftTests.swift */; };
		B03438641D0A797C002C36E9 /* ADGNativeSampleForSwiftUITests.swift in Sources */ = {isa = PBXBuildFile; fileRef = B03438631D0A797C002C36E9 /* ADGNativeSampleForSwiftUITests.swift */; };
		B03438781D0A7D2E002C36E9 /* NativeAdViewController.swift in Sources */ = {isa = PBXBuildFile; fileRef = B03438771D0A7D2E002C36E9 /* NativeAdViewController.swift */; };
		B034387A1D0A82F0002C36E9 /* SystemConfiguration.framework in Frameworks */ = {isa = PBXBuildFile; fileRef = B03438791D0A82F0002C36E9 /* SystemConfiguration.framework */; };
		B034387C1D0A8300002C36E9 /* CoreTelephony.framework in Frameworks */ = {isa = PBXBuildFile; fileRef = B034387B1D0A8300002C36E9 /* CoreTelephony.framework */; };
		B034387E1D0A8309002C36E9 /* MediaPlayer.framework in Frameworks */ = {isa = PBXBuildFile; fileRef = B034387D1D0A8309002C36E9 /* MediaPlayer.framework */; };
		B03438801D0A8312002C36E9 /* Security.framework in Frameworks */ = {isa = PBXBuildFile; fileRef = B034387F1D0A8312002C36E9 /* Security.framework */; };
		B03438821D0A8319002C36E9 /* QuartzCore.framework in Frameworks */ = {isa = PBXBuildFile; fileRef = B03438811D0A8319002C36E9 /* QuartzCore.framework */; };
		B03438841D0A8321002C36E9 /* AdSupport.framework in Frameworks */ = {isa = PBXBuildFile; fileRef = B03438831D0A8321002C36E9 /* AdSupport.framework */; settings = {ATTRIBUTES = (Weak, ); }; };
		B03438861D0A832A002C36E9 /* CoreGraphics.framework in Frameworks */ = {isa = PBXBuildFile; fileRef = B03438851D0A832A002C36E9 /* CoreGraphics.framework */; };
		B034388B1D0A8727002C36E9 /* ADG.framework in Frameworks */ = {isa = PBXBuildFile; fileRef = B034388A1D0A8727002C36E9 /* ADG.framework */; };
		B03438901D0A9A3A002C36E9 /* NativeAdView.swift in Sources */ = {isa = PBXBuildFile; fileRef = B034388F1D0A9A3A002C36E9 /* NativeAdView.swift */; };
		B03438921D0AA580002C36E9 /* ADGEnumDefine.swift in Sources */ = {isa = PBXBuildFile; fileRef = B03438911D0AA580002C36E9 /* ADGEnumDefine.swift */; };
		B0B179EC1D0E7EBA00173B74 /* Log.swift in Sources */ = {isa = PBXBuildFile; fileRef = B0B179EB1D0E7EBA00173B74 /* Log.swift */; };
		B0B179FA1D0EB0CD00173B74 /* FBNativeAdView.swift in Sources */ = {isa = PBXBuildFile; fileRef = B0B179F91D0EB0CD00173B74 /* FBNativeAdView.swift */; };
		B0B179FE1D0EC1DB00173B74 /* CoreMotion.framework in Frameworks */ = {isa = PBXBuildFile; fileRef = B0B179FD1D0EC1DB00173B74 /* CoreMotion.framework */; };
		B0B17A001D0EC1E900173B74 /* CoreMedia.framework in Frameworks */ = {isa = PBXBuildFile; fileRef = B0B179FF1D0EC1E900173B74 /* CoreMedia.framework */; };
		B0B17A021D0EC1F800173B74 /* AVFoundation.framework in Frameworks */ = {isa = PBXBuildFile; fileRef = B0B17A011D0EC1F800173B74 /* AVFoundation.framework */; };
		B0D3539B1E1E187700C25641 /* AudioToolbox.framework in Frameworks */ = {isa = PBXBuildFile; fileRef = B0D3539A1E1E187700C25641 /* AudioToolbox.framework */; };
		B0D3539D1E1E18A100C25641 /* libxml2.tbd in Frameworks */ = {isa = PBXBuildFile; fileRef = B0D3539C1E1E18A100C25641 /* libxml2.tbd */; };
		B0D3539F1E1E18AD00C25641 /* libc++.tbd in Frameworks */ = {isa = PBXBuildFile; fileRef = B0D3539E1E1E18AD00C25641 /* libc++.tbd */; };
		B0D353A11E1E196400C25641 /* StoreKit.framework in Frameworks */ = {isa = PBXBuildFile; fileRef = B0D353A01E1E196400C25641 /* StoreKit.framework */; };
/* End PBXBuildFile section */

/* Begin PBXContainerItemProxy section */
		B03438551D0A797C002C36E9 /* PBXContainerItemProxy */ = {
			isa = PBXContainerItemProxy;
			containerPortal = B03438381D0A797B002C36E9 /* Project object */;
			proxyType = 1;
			remoteGlobalIDString = B034383F1D0A797B002C36E9;
			remoteInfo = ADGNativeSampleForSwift;
		};
		B03438601D0A797C002C36E9 /* PBXContainerItemProxy */ = {
			isa = PBXContainerItemProxy;
			containerPortal = B03438381D0A797B002C36E9 /* Project object */;
			proxyType = 1;
			remoteGlobalIDString = B034383F1D0A797B002C36E9;
			remoteInfo = ADGNativeSampleForSwift;
		};
/* End PBXContainerItemProxy section */

/* Begin PBXFileReference section */
		B01D63D51D2134BC00036EB9 /* FBAudienceNetwork.framework */ = {isa = PBXFileReference; lastKnownFileType = wrapper.framework; path = FBAudienceNetwork.framework; sourceTree = "<group>"; };
		B03438401D0A797C002C36E9 /* ADGNativeSampleForSwift.app */ = {isa = PBXFileReference; explicitFileType = wrapper.application; includeInIndex = 0; path = ADGNativeSampleForSwift.app; sourceTree = BUILT_PRODUCTS_DIR; };
		B03438431D0A797C002C36E9 /* AppDelegate.swift */ = {isa = PBXFileReference; lastKnownFileType = sourcecode.swift; path = AppDelegate.swift; sourceTree = "<group>"; };
		B03438481D0A797C002C36E9 /* Base */ = {isa = PBXFileReference; lastKnownFileType = file.storyboard; name = Base; path = Base.lproj/Main.storyboard; sourceTree = "<group>"; };
		B034384A1D0A797C002C36E9 /* Assets.xcassets */ = {isa = PBXFileReference; lastKnownFileType = folder.assetcatalog; path = Assets.xcassets; sourceTree = "<group>"; };
		B034384D1D0A797C002C36E9 /* Base */ = {isa = PBXFileReference; lastKnownFileType = file.storyboard; name = Base; path = Base.lproj/LaunchScreen.storyboard; sourceTree = "<group>"; };
		B034384F1D0A797C002C36E9 /* Info.plist */ = {isa = PBXFileReference; lastKnownFileType = text.plist.xml; path = Info.plist; sourceTree = "<group>"; };
		B03438541D0A797C002C36E9 /* ADGNativeSampleForSwiftTests.xctest */ = {isa = PBXFileReference; explicitFileType = wrapper.cfbundle; includeInIndex = 0; path = ADGNativeSampleForSwiftTests.xctest; sourceTree = BUILT_PRODUCTS_DIR; };
		B03438581D0A797C002C36E9 /* ADGNativeSampleForSwiftTests.swift */ = {isa = PBXFileReference; lastKnownFileType = sourcecode.swift; path = ADGNativeSampleForSwiftTests.swift; sourceTree = "<group>"; };
		B034385A1D0A797C002C36E9 /* Info.plist */ = {isa = PBXFileReference; lastKnownFileType = text.plist.xml; path = Info.plist; sourceTree = "<group>"; };
		B034385F1D0A797C002C36E9 /* ADGNativeSampleForSwiftUITests.xctest */ = {isa = PBXFileReference; explicitFileType = wrapper.cfbundle; includeInIndex = 0; path = ADGNativeSampleForSwiftUITests.xctest; sourceTree = BUILT_PRODUCTS_DIR; };
		B03438631D0A797C002C36E9 /* ADGNativeSampleForSwiftUITests.swift */ = {isa = PBXFileReference; lastKnownFileType = sourcecode.swift; path = ADGNativeSampleForSwiftUITests.swift; sourceTree = "<group>"; };
		B03438651D0A797C002C36E9 /* Info.plist */ = {isa = PBXFileReference; lastKnownFileType = text.plist.xml; path = Info.plist; sourceTree = "<group>"; };
		B03438771D0A7D2E002C36E9 /* NativeAdViewController.swift */ = {isa = PBXFileReference; fileEncoding = 4; lastKnownFileType = sourcecode.swift; path = NativeAdViewController.swift; sourceTree = "<group>"; };
		B03438791D0A82F0002C36E9 /* SystemConfiguration.framework */ = {isa = PBXFileReference; lastKnownFileType = wrapper.framework; name = SystemConfiguration.framework; path = System/Library/Frameworks/SystemConfiguration.framework; sourceTree = SDKROOT; };
		B034387B1D0A8300002C36E9 /* CoreTelephony.framework */ = {isa = PBXFileReference; lastKnownFileType = wrapper.framework; name = CoreTelephony.framework; path = System/Library/Frameworks/CoreTelephony.framework; sourceTree = SDKROOT; };
		B034387D1D0A8309002C36E9 /* MediaPlayer.framework */ = {isa = PBXFileReference; lastKnownFileType = wrapper.framework; name = MediaPlayer.framework; path = System/Library/Frameworks/MediaPlayer.framework; sourceTree = SDKROOT; };
		B034387F1D0A8312002C36E9 /* Security.framework */ = {isa = PBXFileReference; lastKnownFileType = wrapper.framework; name = Security.framework; path = System/Library/Frameworks/Security.framework; sourceTree = SDKROOT; };
		B03438811D0A8319002C36E9 /* QuartzCore.framework */ = {isa = PBXFileReference; lastKnownFileType = wrapper.framework; name = QuartzCore.framework; path = System/Library/Frameworks/QuartzCore.framework; sourceTree = SDKROOT; };
		B03438831D0A8321002C36E9 /* AdSupport.framework */ = {isa = PBXFileReference; lastKnownFileType = wrapper.framework; name = AdSupport.framework; path = System/Library/Frameworks/AdSupport.framework; sourceTree = SDKROOT; };
		B03438851D0A832A002C36E9 /* CoreGraphics.framework */ = {isa = PBXFileReference; lastKnownFileType = wrapper.framework; name = CoreGraphics.framework; path = System/Library/Frameworks/CoreGraphics.framework; sourceTree = SDKROOT; };
		B034388A1D0A8727002C36E9 /* ADG.framework */ = {isa = PBXFileReference; lastKnownFileType = wrapper.framework; path = ADG.framework; sourceTree = "<group>"; };
		B034388C1D0A8749002C36E9 /* ADGNativeSampleForSwift-Bridging-Header.h */ = {isa = PBXFileReference; lastKnownFileType = sourcecode.c.h; path = "ADGNativeSampleForSwift-Bridging-Header.h"; sourceTree = "<group>"; };
		B034388F1D0A9A3A002C36E9 /* NativeAdView.swift */ = {isa = PBXFileReference; fileEncoding = 4; lastKnownFileType = sourcecode.swift; path = NativeAdView.swift; sourceTree = "<group>"; };
		B03438911D0AA580002C36E9 /* ADGEnumDefine.swift */ = {isa = PBXFileReference; fileEncoding = 4; lastKnownFileType = sourcecode.swift; path = ADGEnumDefine.swift; sourceTree = "<group>"; };
		B0B179EB1D0E7EBA00173B74 /* Log.swift */ = {isa = PBXFileReference; fileEncoding = 4; lastKnownFileType = sourcecode.swift; path = Log.swift; sourceTree = "<group>"; };
		B0B179F91D0EB0CD00173B74 /* FBNativeAdView.swift */ = {isa = PBXFileReference; fileEncoding = 4; lastKnownFileType = sourcecode.swift; path = FBNativeAdView.swift; sourceTree = "<group>"; };
		B0B179FD1D0EC1DB00173B74 /* CoreMotion.framework */ = {isa = PBXFileReference; lastKnownFileType = wrapper.framework; name = CoreMotion.framework; path = System/Library/Frameworks/CoreMotion.framework; sourceTree = SDKROOT; };
		B0B179FF1D0EC1E900173B74 /* CoreMedia.framework */ = {isa = PBXFileReference; lastKnownFileType = wrapper.framework; name = CoreMedia.framework; path = System/Library/Frameworks/CoreMedia.framework; sourceTree = SDKROOT; };
		B0B17A011D0EC1F800173B74 /* AVFoundation.framework */ = {isa = PBXFileReference; lastKnownFileType = wrapper.framework; name = AVFoundation.framework; path = System/Library/Frameworks/AVFoundation.framework; sourceTree = SDKROOT; };
		B0D3539A1E1E187700C25641 /* AudioToolbox.framework */ = {isa = PBXFileReference; lastKnownFileType = wrapper.framework; name = AudioToolbox.framework; path = System/Library/Frameworks/AudioToolbox.framework; sourceTree = SDKROOT; };
		B0D3539C1E1E18A100C25641 /* libxml2.tbd */ = {isa = PBXFileReference; lastKnownFileType = "sourcecode.text-based-dylib-definition"; name = libxml2.tbd; path = usr/lib/libxml2.tbd; sourceTree = SDKROOT; };
		B0D3539E1E1E18AD00C25641 /* libc++.tbd */ = {isa = PBXFileReference; lastKnownFileType = "sourcecode.text-based-dylib-definition"; name = "libc++.tbd"; path = "usr/lib/libc++.tbd"; sourceTree = SDKROOT; };
		B0D353A01E1E196400C25641 /* StoreKit.framework */ = {isa = PBXFileReference; lastKnownFileType = wrapper.framework; name = StoreKit.framework; path = System/Library/Frameworks/StoreKit.framework; sourceTree = SDKROOT; };
/* End PBXFileReference section */

/* Begin PBXFrameworksBuildPhase section */
		B034383D1D0A797B002C36E9 /* Frameworks */ = {
			isa = PBXFrameworksBuildPhase;
			buildActionMask = 2147483647;
			files = (
				B0D353A11E1E196400C25641 /* StoreKit.framework in Frameworks */,
				B0D3539F1E1E18AD00C25641 /* libc++.tbd in Frameworks */,
				B0D3539D1E1E18A100C25641 /* libxml2.tbd in Frameworks */,
				B0D3539B1E1E187700C25641 /* AudioToolbox.framework in Frameworks */,
				B0B17A021D0EC1F800173B74 /* AVFoundation.framework in Frameworks */,
				B0B17A001D0EC1E900173B74 /* CoreMedia.framework in Frameworks */,
				B0B179FE1D0EC1DB00173B74 /* CoreMotion.framework in Frameworks */,
				B03438861D0A832A002C36E9 /* CoreGraphics.framework in Frameworks */,
				B03438841D0A8321002C36E9 /* AdSupport.framework in Frameworks */,
				B03438821D0A8319002C36E9 /* QuartzCore.framework in Frameworks */,
				B03438801D0A8312002C36E9 /* Security.framework in Frameworks */,
				B034387E1D0A8309002C36E9 /* MediaPlayer.framework in Frameworks */,
				B034388B1D0A8727002C36E9 /* ADG.framework in Frameworks */,
				B034387C1D0A8300002C36E9 /* CoreTelephony.framework in Frameworks */,
				B034387A1D0A82F0002C36E9 /* SystemConfiguration.framework in Frameworks */,
				B01D63D61D2134BC00036EB9 /* FBAudienceNetwork.framework in Frameworks */,
			);
			runOnlyForDeploymentPostprocessing = 0;
		};
		B03438511D0A797C002C36E9 /* Frameworks */ = {
			isa = PBXFrameworksBuildPhase;
			buildActionMask = 2147483647;
			files = (
			);
			runOnlyForDeploymentPostprocessing = 0;
		};
		B034385C1D0A797C002C36E9 /* Frameworks */ = {
			isa = PBXFrameworksBuildPhase;
			buildActionMask = 2147483647;
			files = (
			);
			runOnlyForDeploymentPostprocessing = 0;
		};
/* End PBXFrameworksBuildPhase section */

/* Begin PBXGroup section */
		B03438371D0A797B002C36E9 = {
			isa = PBXGroup;
			children = (
				B03438421D0A797C002C36E9 /* ADGNativeSampleForSwift */,
				B03438571D0A797C002C36E9 /* ADGNativeSampleForSwiftTests */,
				B03438621D0A797C002C36E9 /* ADGNativeSampleForSwiftUITests */,
				B03438871D0A8374002C36E9 /* Frameworks */,
				B03438411D0A797C002C36E9 /* Products */,
			);
			sourceTree = "<group>";
		};
		B03438411D0A797C002C36E9 /* Products */ = {
			isa = PBXGroup;
			children = (
				B03438401D0A797C002C36E9 /* ADGNativeSampleForSwift.app */,
				B03438541D0A797C002C36E9 /* ADGNativeSampleForSwiftTests.xctest */,
				B034385F1D0A797C002C36E9 /* ADGNativeSampleForSwiftUITests.xctest */,
			);
			name = Products;
			sourceTree = "<group>";
		};
		B03438421D0A797C002C36E9 /* ADGNativeSampleForSwift */ = {
			isa = PBXGroup;
			children = (
				B03438721D0A7A49002C36E9 /* Views */,
				B03438731D0A7AE0002C36E9 /* Controllers */,
				B03438741D0A7AF5002C36E9 /* Utils */,
				B03438711D0A79BB002C36E9 /* Resources */,
				B03438431D0A797C002C36E9 /* AppDelegate.swift */,
				B034388C1D0A8749002C36E9 /* ADGNativeSampleForSwift-Bridging-Header.h */,
				B03438471D0A797C002C36E9 /* Main.storyboard */,
				B034384C1D0A797C002C36E9 /* LaunchScreen.storyboard */,
				B034384F1D0A797C002C36E9 /* Info.plist */,
			);
			path = ADGNativeSampleForSwift;
			sourceTree = "<group>";
		};
		B03438571D0A797C002C36E9 /* ADGNativeSampleForSwiftTests */ = {
			isa = PBXGroup;
			children = (
				B03438581D0A797C002C36E9 /* ADGNativeSampleForSwiftTests.swift */,
				B034385A1D0A797C002C36E9 /* Info.plist */,
			);
			path = ADGNativeSampleForSwiftTests;
			sourceTree = "<group>";
		};
		B03438621D0A797C002C36E9 /* ADGNativeSampleForSwiftUITests */ = {
			isa = PBXGroup;
			children = (
				B03438631D0A797C002C36E9 /* ADGNativeSampleForSwiftUITests.swift */,
				B03438651D0A797C002C36E9 /* Info.plist */,
			);
			path = ADGNativeSampleForSwiftUITests;
			sourceTree = "<group>";
		};
		B03438711D0A79BB002C36E9 /* Resources */ = {
			isa = PBXGroup;
			children = (
				B034384A1D0A797C002C36E9 /* Assets.xcassets */,
			);
			path = Resources;
			sourceTree = "<group>";
		};
		B03438721D0A7A49002C36E9 /* Views */ = {
			isa = PBXGroup;
			children = (
				B034388F1D0A9A3A002C36E9 /* NativeAdView.swift */,
				B0B179F91D0EB0CD00173B74 /* FBNativeAdView.swift */,
			);
			path = Views;
			sourceTree = "<group>";
		};
		B03438731D0A7AE0002C36E9 /* Controllers */ = {
			isa = PBXGroup;
			children = (
				B03438771D0A7D2E002C36E9 /* NativeAdViewController.swift */,
			);
			path = Controllers;
			sourceTree = "<group>";
		};
		B03438741D0A7AF5002C36E9 /* Utils */ = {
			isa = PBXGroup;
			children = (
				B03438911D0AA580002C36E9 /* ADGEnumDefine.swift */,
				B0B179EB1D0E7EBA00173B74 /* Log.swift */,
			);
			path = Utils;
			sourceTree = "<group>";
		};
		B03438871D0A8374002C36E9 /* Frameworks */ = {
			isa = PBXGroup;
			children = (
				B0D353A01E1E196400C25641 /* StoreKit.framework */,
				B0D3539E1E1E18AD00C25641 /* libc++.tbd */,
				B0D3539C1E1E18A100C25641 /* libxml2.tbd */,
				B0D3539A1E1E187700C25641 /* AudioToolbox.framework */,
				B01D63D51D2134BC00036EB9 /* FBAudienceNetwork.framework */,
				B0B17A011D0EC1F800173B74 /* AVFoundation.framework */,
				B0B179FF1D0EC1E900173B74 /* CoreMedia.framework */,
				B0B179FD1D0EC1DB00173B74 /* CoreMotion.framework */,
				B034388A1D0A8727002C36E9 /* ADG.framework */,
				B03438851D0A832A002C36E9 /* CoreGraphics.framework */,
				B03438831D0A8321002C36E9 /* AdSupport.framework */,
				B03438811D0A8319002C36E9 /* QuartzCore.framework */,
				B034387F1D0A8312002C36E9 /* Security.framework */,
				B034387D1D0A8309002C36E9 /* MediaPlayer.framework */,
				B034387B1D0A8300002C36E9 /* CoreTelephony.framework */,
				B03438791D0A82F0002C36E9 /* SystemConfiguration.framework */,
			);
			path = Frameworks;
			sourceTree = "<group>";
		};
/* End PBXGroup section */

/* Begin PBXNativeTarget section */
		B034383F1D0A797B002C36E9 /* ADGNativeSampleForSwift */ = {
			isa = PBXNativeTarget;
			buildConfigurationList = B03438681D0A797C002C36E9 /* Build configuration list for PBXNativeTarget "ADGNativeSampleForSwift" */;
			buildPhases = (
				B034383C1D0A797B002C36E9 /* Sources */,
				B034383D1D0A797B002C36E9 /* Frameworks */,
				B034383E1D0A797B002C36E9 /* Resources */,
			);
			buildRules = (
			);
			dependencies = (
			);
			name = ADGNativeSampleForSwift;
			productName = ADGNativeSampleForSwift;
			productReference = B03438401D0A797C002C36E9 /* ADGNativeSampleForSwift.app */;
			productType = "com.apple.product-type.application";
		};
		B03438531D0A797C002C36E9 /* ADGNativeSampleForSwiftTests */ = {
			isa = PBXNativeTarget;
			buildConfigurationList = B034386B1D0A797C002C36E9 /* Build configuration list for PBXNativeTarget "ADGNativeSampleForSwiftTests" */;
			buildPhases = (
				B03438501D0A797C002C36E9 /* Sources */,
				B03438511D0A797C002C36E9 /* Frameworks */,
				B03438521D0A797C002C36E9 /* Resources */,
			);
			buildRules = (
			);
			dependencies = (
				B03438561D0A797C002C36E9 /* PBXTargetDependency */,
			);
			name = ADGNativeSampleForSwiftTests;
			productName = ADGNativeSampleForSwiftTests;
			productReference = B03438541D0A797C002C36E9 /* ADGNativeSampleForSwiftTests.xctest */;
			productType = "com.apple.product-type.bundle.unit-test";
		};
		B034385E1D0A797C002C36E9 /* ADGNativeSampleForSwiftUITests */ = {
			isa = PBXNativeTarget;
			buildConfigurationList = B034386E1D0A797C002C36E9 /* Build configuration list for PBXNativeTarget "ADGNativeSampleForSwiftUITests" */;
			buildPhases = (
				B034385B1D0A797C002C36E9 /* Sources */,
				B034385C1D0A797C002C36E9 /* Frameworks */,
				B034385D1D0A797C002C36E9 /* Resources */,
			);
			buildRules = (
			);
			dependencies = (
				B03438611D0A797C002C36E9 /* PBXTargetDependency */,
			);
			name = ADGNativeSampleForSwiftUITests;
			productName = ADGNativeSampleForSwiftUITests;
			productReference = B034385F1D0A797C002C36E9 /* ADGNativeSampleForSwiftUITests.xctest */;
			productType = "com.apple.product-type.bundle.ui-testing";
		};
/* End PBXNativeTarget section */

/* Begin PBXProject section */
		B03438381D0A797B002C36E9 /* Project object */ = {
			isa = PBXProject;
			attributes = {
				LastSwiftUpdateCheck = 0730;
				LastUpgradeCheck = 0730;
				ORGANIZATIONNAME = Supership;
				TargetAttributes = {
					B034383F1D0A797B002C36E9 = {
						CreatedOnToolsVersion = 7.3.1;
						LastSwiftMigration = 0800;
						ProvisioningStyle = Automatic;
						SystemCapabilities = {
							com.apple.InAppPurchase = {
								enabled = 0;
							};
						};
					};
					B03438531D0A797C002C36E9 = {
						CreatedOnToolsVersion = 7.3.1;
						DevelopmentTeam = 5KQ9BP25MK;
						LastSwiftMigration = 0800;
						TestTargetID = B034383F1D0A797B002C36E9;
					};
					B034385E1D0A797C002C36E9 = {
						CreatedOnToolsVersion = 7.3.1;
						DevelopmentTeam = 5KQ9BP25MK;
						LastSwiftMigration = 0800;
						TestTargetID = B034383F1D0A797B002C36E9;
					};
				};
			};
			buildConfigurationList = B034383B1D0A797B002C36E9 /* Build configuration list for PBXProject "ADGNativeSampleForSwift" */;
			compatibilityVersion = "Xcode 3.2";
			developmentRegion = English;
			hasScannedForEncodings = 0;
			knownRegions = (
				en,
				Base,
			);
			mainGroup = B03438371D0A797B002C36E9;
			productRefGroup = B03438411D0A797C002C36E9 /* Products */;
			projectDirPath = "";
			projectRoot = "";
			targets = (
				B034383F1D0A797B002C36E9 /* ADGNativeSampleForSwift */,
				B03438531D0A797C002C36E9 /* ADGNativeSampleForSwiftTests */,
				B034385E1D0A797C002C36E9 /* ADGNativeSampleForSwiftUITests */,
			);
		};
/* End PBXProject section */

/* Begin PBXResourcesBuildPhase section */
		B034383E1D0A797B002C36E9 /* Resources */ = {
			isa = PBXResourcesBuildPhase;
			buildActionMask = 2147483647;
			files = (
				B034384E1D0A797C002C36E9 /* LaunchScreen.storyboard in Resources */,
				B034384B1D0A797C002C36E9 /* Assets.xcassets in Resources */,
				B03438491D0A797C002C36E9 /* Main.storyboard in Resources */,
			);
			runOnlyForDeploymentPostprocessing = 0;
		};
		B03438521D0A797C002C36E9 /* Resources */ = {
			isa = PBXResourcesBuildPhase;
			buildActionMask = 2147483647;
			files = (
			);
			runOnlyForDeploymentPostprocessing = 0;
		};
		B034385D1D0A797C002C36E9 /* Resources */ = {
			isa = PBXResourcesBuildPhase;
			buildActionMask = 2147483647;
			files = (
			);
			runOnlyForDeploymentPostprocessing = 0;
		};
/* End PBXResourcesBuildPhase section */

/* Begin PBXSourcesBuildPhase section */
		B034383C1D0A797B002C36E9 /* Sources */ = {
			isa = PBXSourcesBuildPhase;
			buildActionMask = 2147483647;
			files = (
				B03438781D0A7D2E002C36E9 /* NativeAdViewController.swift in Sources */,
				B03438441D0A797C002C36E9 /* AppDelegate.swift in Sources */,
				B0B179FA1D0EB0CD00173B74 /* FBNativeAdView.swift in Sources */,
				B0B179EC1D0E7EBA00173B74 /* Log.swift in Sources */,
				B03438921D0AA580002C36E9 /* ADGEnumDefine.swift in Sources */,
				B03438901D0A9A3A002C36E9 /* NativeAdView.swift in Sources */,
			);
			runOnlyForDeploymentPostprocessing = 0;
		};
		B03438501D0A797C002C36E9 /* Sources */ = {
			isa = PBXSourcesBuildPhase;
			buildActionMask = 2147483647;
			files = (
				B03438591D0A797C002C36E9 /* ADGNativeSampleForSwiftTests.swift in Sources */,
			);
			runOnlyForDeploymentPostprocessing = 0;
		};
		B034385B1D0A797C002C36E9 /* Sources */ = {
			isa = PBXSourcesBuildPhase;
			buildActionMask = 2147483647;
			files = (
				B03438641D0A797C002C36E9 /* ADGNativeSampleForSwiftUITests.swift in Sources */,
			);
			runOnlyForDeploymentPostprocessing = 0;
		};
/* End PBXSourcesBuildPhase section */

/* Begin PBXTargetDependency section */
		B03438561D0A797C002C36E9 /* PBXTargetDependency */ = {
			isa = PBXTargetDependency;
			target = B034383F1D0A797B002C36E9 /* ADGNativeSampleForSwift */;
			targetProxy = B03438551D0A797C002C36E9 /* PBXContainerItemProxy */;
		};
		B03438611D0A797C002C36E9 /* PBXTargetDependency */ = {
			isa = PBXTargetDependency;
			target = B034383F1D0A797B002C36E9 /* ADGNativeSampleForSwift */;
			targetProxy = B03438601D0A797C002C36E9 /* PBXContainerItemProxy */;
		};
/* End PBXTargetDependency section */

/* Begin PBXVariantGroup section */
		B03438471D0A797C002C36E9 /* Main.storyboard */ = {
			isa = PBXVariantGroup;
			children = (
				B03438481D0A797C002C36E9 /* Base */,
			);
			name = Main.storyboard;
			sourceTree = "<group>";
		};
		B034384C1D0A797C002C36E9 /* LaunchScreen.storyboard */ = {
			isa = PBXVariantGroup;
			children = (
				B034384D1D0A797C002C36E9 /* Base */,
			);
			name = LaunchScreen.storyboard;
			sourceTree = "<group>";
		};
/* End PBXVariantGroup section */

/* Begin XCBuildConfiguration section */
		B03438661D0A797C002C36E9 /* Debug */ = {
			isa = XCBuildConfiguration;
			buildSettings = {
				ALWAYS_SEARCH_USER_PATHS = NO;
				CLANG_ANALYZER_NONNULL = YES;
				CLANG_CXX_LANGUAGE_STANDARD = "gnu++0x";
				CLANG_CXX_LIBRARY = "libc++";
				CLANG_ENABLE_MODULES = YES;
				CLANG_ENABLE_OBJC_ARC = YES;
				CLANG_WARN_BOOL_CONVERSION = YES;
				CLANG_WARN_CONSTANT_CONVERSION = YES;
				CLANG_WARN_DIRECT_OBJC_ISA_USAGE = YES_ERROR;
				CLANG_WARN_EMPTY_BODY = YES;
				CLANG_WARN_ENUM_CONVERSION = YES;
				CLANG_WARN_INT_CONVERSION = YES;
				CLANG_WARN_OBJC_ROOT_CLASS = YES_ERROR;
				CLANG_WARN_UNREACHABLE_CODE = YES;
				CLANG_WARN__DUPLICATE_METHOD_MATCH = YES;
				CODE_SIGN_IDENTITY = "iPhone Developer";
				"CODE_SIGN_IDENTITY[sdk=iphoneos*]" = "iPhone Developer";
				COPY_PHASE_STRIP = NO;
				DEBUG_INFORMATION_FORMAT = dwarf;
				DEVELOPMENT_TEAM = "";
				ENABLE_STRICT_OBJC_MSGSEND = YES;
				ENABLE_TESTABILITY = YES;
				GCC_C_LANGUAGE_STANDARD = gnu99;
				GCC_DYNAMIC_NO_PIC = NO;
				GCC_NO_COMMON_BLOCKS = YES;
				GCC_OPTIMIZATION_LEVEL = 0;
				GCC_PREPROCESSOR_DEFINITIONS = (
					"DEBUG=1",
					"$(inherited)",
				);
				GCC_WARN_64_TO_32_BIT_CONVERSION = YES;
				GCC_WARN_ABOUT_RETURN_TYPE = YES_ERROR;
				GCC_WARN_UNDECLARED_SELECTOR = YES;
				GCC_WARN_UNINITIALIZED_AUTOS = YES_AGGRESSIVE;
				GCC_WARN_UNUSED_FUNCTION = YES;
				GCC_WARN_UNUSED_VARIABLE = YES;
				IPHONEOS_DEPLOYMENT_TARGET = 9.3;
				MTL_ENABLE_DEBUG_INFO = YES;
				ONLY_ACTIVE_ARCH = YES;
				SDKROOT = iphoneos;
				SWIFT_OPTIMIZATION_LEVEL = "-Onone";
				TARGETED_DEVICE_FAMILY = "1,2";
			};
			name = Debug;
		};
		B03438671D0A797C002C36E9 /* Release */ = {
			isa = XCBuildConfiguration;
			buildSettings = {
				ALWAYS_SEARCH_USER_PATHS = NO;
				CLANG_ANALYZER_NONNULL = YES;
				CLANG_CXX_LANGUAGE_STANDARD = "gnu++0x";
				CLANG_CXX_LIBRARY = "libc++";
				CLANG_ENABLE_MODULES = YES;
				CLANG_ENABLE_OBJC_ARC = YES;
				CLANG_WARN_BOOL_CONVERSION = YES;
				CLANG_WARN_CONSTANT_CONVERSION = YES;
				CLANG_WARN_DIRECT_OBJC_ISA_USAGE = YES_ERROR;
				CLANG_WARN_EMPTY_BODY = YES;
				CLANG_WARN_ENUM_CONVERSION = YES;
				CLANG_WARN_INT_CONVERSION = YES;
				CLANG_WARN_OBJC_ROOT_CLASS = YES_ERROR;
				CLANG_WARN_UNREACHABLE_CODE = YES;
				CLANG_WARN__DUPLICATE_METHOD_MATCH = YES;
				CODE_SIGN_IDENTITY = "iPhone Distribution";
				"CODE_SIGN_IDENTITY[sdk=iphoneos*]" = "iPhone Distribution";
				COPY_PHASE_STRIP = NO;
				DEBUG_INFORMATION_FORMAT = "dwarf-with-dsym";
				DEVELOPMENT_TEAM = "";
				ENABLE_NS_ASSERTIONS = NO;
				ENABLE_STRICT_OBJC_MSGSEND = YES;
				GCC_C_LANGUAGE_STANDARD = gnu99;
				GCC_NO_COMMON_BLOCKS = YES;
				GCC_WARN_64_TO_32_BIT_CONVERSION = YES;
				GCC_WARN_ABOUT_RETURN_TYPE = YES_ERROR;
				GCC_WARN_UNDECLARED_SELECTOR = YES;
				GCC_WARN_UNINITIALIZED_AUTOS = YES_AGGRESSIVE;
				GCC_WARN_UNUSED_FUNCTION = YES;
				GCC_WARN_UNUSED_VARIABLE = YES;
				IPHONEOS_DEPLOYMENT_TARGET = 9.3;
				MTL_ENABLE_DEBUG_INFO = NO;
				SDKROOT = iphoneos;
				TARGETED_DEVICE_FAMILY = "1,2";
				VALIDATE_PRODUCT = YES;
			};
			name = Release;
		};
		B03438691D0A797C002C36E9 /* Debug */ = {
			isa = XCBuildConfiguration;
			buildSettings = {
				ASSETCATALOG_COMPILER_APPICON_NAME = AppIcon;
				CODE_SIGN_IDENTITY = "iPhone Developer";
				"CODE_SIGN_IDENTITY[sdk=iphoneos*]" = "iPhone Developer";
				DEVELOPMENT_TEAM = "";
				ENABLE_BITCODE = NO;
				FRAMEWORK_SEARCH_PATHS = (
					"$(inherited)",
					"$(PROJECT_DIR)/Frameworks",
				);
				INFOPLIST_FILE = ADGNativeSampleForSwift/Info.plist;
				LD_RUNPATH_SEARCH_PATHS = "$(inherited) @executable_path/Frameworks";
				OTHER_LDFLAGS = "-ObjC";
				PRODUCT_BUNDLE_IDENTIFIER = jp.supership.ADGNativeSampleForSwift;
				PRODUCT_NAME = "$(TARGET_NAME)";
				PROVISIONING_PROFILE = "";
				PROVISIONING_PROFILE_SPECIFIER = "";
				SWIFT_OBJC_BRIDGING_HEADER = "$(PROJECT_DIR)/$(PROJECT_NAME)/ADGNativeSampleForSwift-Bridging-Header.h";
				SWIFT_VERSION = 2.3;
			};
			name = Debug;
		};
		B034386A1D0A797C002C36E9 /* Release */ = {
			isa = XCBuildConfiguration;
			buildSettings = {
				ASSETCATALOG_COMPILER_APPICON_NAME = AppIcon;
				CODE_SIGN_IDENTITY = "iPhone Distribution";
				"CODE_SIGN_IDENTITY[sdk=iphoneos*]" = "iPhone Distribution";
				DEVELOPMENT_TEAM = "";
				ENABLE_BITCODE = NO;
				FRAMEWORK_SEARCH_PATHS = (
					"$(inherited)",
					"$(PROJECT_DIR)/Frameworks",
				);
				INFOPLIST_FILE = ADGNativeSampleForSwift/Info.plist;
				LD_RUNPATH_SEARCH_PATHS = "$(inherited) @executable_path/Frameworks";
				OTHER_LDFLAGS = "-ObjC";
				PRODUCT_BUNDLE_IDENTIFIER = jp.supership.ADGNativeSampleForSwift;
				PRODUCT_NAME = "$(TARGET_NAME)";
				SWIFT_OBJC_BRIDGING_HEADER = "$(PROJECT_DIR)/$(PROJECT_NAME)/ADGNativeSampleForSwift-Bridging-Header.h";
				SWIFT_VERSION = 2.3;
			};
			name = Release;
		};
		B034386C1D0A797C002C36E9 /* Debug */ = {
			isa = XCBuildConfiguration;
			buildSettings = {
				BUNDLE_LOADER = "$(TEST_HOST)";
				INFOPLIST_FILE = ADGNativeSampleForSwiftTests/Info.plist;
				LD_RUNPATH_SEARCH_PATHS = "$(inherited) @executable_path/Frameworks @loader_path/Frameworks";
				PRODUCT_BUNDLE_IDENTIFIER = jp.supership.ADGNativeSampleForSwiftTests;
				PRODUCT_NAME = "$(TARGET_NAME)";
				SWIFT_VERSION = 2.3;
				TEST_HOST = "$(BUILT_PRODUCTS_DIR)/ADGNativeSampleForSwift.app/ADGNativeSampleForSwift";
			};
			name = Debug;
		};
		B034386D1D0A797C002C36E9 /* Release */ = {
			isa = XCBuildConfiguration;
			buildSettings = {
				BUNDLE_LOADER = "$(TEST_HOST)";
				INFOPLIST_FILE = ADGNativeSampleForSwiftTests/Info.plist;
				LD_RUNPATH_SEARCH_PATHS = "$(inherited) @executable_path/Frameworks @loader_path/Frameworks";
				PRODUCT_BUNDLE_IDENTIFIER = jp.supership.ADGNativeSampleForSwiftTests;
				PRODUCT_NAME = "$(TARGET_NAME)";
				SWIFT_VERSION = 2.3;
				TEST_HOST = "$(BUILT_PRODUCTS_DIR)/ADGNativeSampleForSwift.app/ADGNativeSampleForSwift";
			};
			name = Release;
		};
		B034386F1D0A797C002C36E9 /* Debug */ = {
			isa = XCBuildConfiguration;
			buildSettings = {
				INFOPLIST_FILE = ADGNativeSampleForSwiftUITests/Info.plist;
				LD_RUNPATH_SEARCH_PATHS = "$(inherited) @executable_path/Frameworks @loader_path/Frameworks";
				PRODUCT_BUNDLE_IDENTIFIER = jp.supership.ADGNativeSampleForSwiftUITests;
				PRODUCT_NAME = "$(TARGET_NAME)";
				SWIFT_VERSION = 2.3;
				TEST_TARGET_NAME = ADGNativeSampleForSwift;
			};
			name = Debug;
		};
		B03438701D0A797C002C36E9 /* Release */ = {
			isa = XCBuildConfiguration;
			buildSettings = {
				INFOPLIST_FILE = ADGNativeSampleForSwiftUITests/Info.plist;
				LD_RUNPATH_SEARCH_PATHS = "$(inherited) @executable_path/Frameworks @loader_path/Frameworks";
				PRODUCT_BUNDLE_IDENTIFIER = jp.supership.ADGNativeSampleForSwiftUITests;
				PRODUCT_NAME = "$(TARGET_NAME)";
				SWIFT_VERSION = 2.3;
				TEST_TARGET_NAME = ADGNativeSampleForSwift;
			};
			name = Release;
		};
/* End XCBuildConfiguration section */

/* Begin XCConfigurationList section */
		B034383B1D0A797B002C36E9 /* Build configuration list for PBXProject "ADGNativeSampleForSwift" */ = {
			isa = XCConfigurationList;
			buildConfigurations = (
				B03438661D0A797C002C36E9 /* Debug */,
				B03438671D0A797C002C36E9 /* Release */,
			);
			defaultConfigurationIsVisible = 0;
			defaultConfigurationName = Release;
		};
		B03438681D0A797C002C36E9 /* Build configuration list for PBXNativeTarget "ADGNativeSampleForSwift" */ = {
			isa = XCConfigurationList;
			buildConfigurations = (
				B03438691D0A797C002C36E9 /* Debug */,
				B034386A1D0A797C002C36E9 /* Release */,
			);
			defaultConfigurationIsVisible = 0;
			defaultConfigurationName = Release;
		};
		B034386B1D0A797C002C36E9 /* Build configuration list for PBXNativeTarget "ADGNativeSampleForSwiftTests" */ = {
			isa = XCConfigurationList;
			buildConfigurations = (
				B034386C1D0A797C002C36E9 /* Debug */,
				B034386D1D0A797C002C36E9 /* Release */,
			);
			defaultConfigurationIsVisible = 0;
			defaultConfigurationName = Release;
		};
		B034386E1D0A797C002C36E9 /* Build configuration list for PBXNativeTarget "ADGNativeSampleForSwiftUITests" */ = {
			isa = XCConfigurationList;
			buildConfigurations = (
				B034386F1D0A797C002C36E9 /* Debug */,
				B03438701D0A797C002C36E9 /* Release */,
			);
			defaultConfigurationIsVisible = 0;
			defaultConfigurationName = Release;
		};
/* End XCConfigurationList section */
	};
	rootObject = B03438381D0A797B002C36E9 /* Project object */;
}
